# This file is automatically @generated by Cargo.
# It is not intended for manual editing.
version = 4

[[package]]
name = "twig-doc"
version = "3.1.0"
dependencies = [
 "twig-sys",
]

[[package]]
name = "twig-sys"
version = "3.1.0"
dependencies = [
 "twig-sys-linux-arm64-gnu",
 "twig-sys-linux-x64-gnu",
 "twig-sys-macos-arm64",
 "twig-sys-wasm32",
 "twig-sys-windows-x64-msvc",
]

[[package]]
name = "twig-sys-linux-arm64-gnu"
version = "3.1.0"

[[package]]
name = "twig-sys-linux-x64-gnu"
version = "3.1.0"

[[package]]
name = "twig-sys-macos-arm64"
version = "3.1.0"

[[package]]
name = "twig-sys-wasm32"
version = "3.1.0"

[[package]]
name = "twig-sys-windows-x64-msvc"
version = "3.1.0"
